dependencies:
- name: tor-proxy
  repository: https://chronicleprotocol.github.io/charts/
  version: 0.0.8
- name: spectre
  repository: https://chronicleprotocol.github.io/charts/
  version: 0.2.0
digest: sha256:cf03b5ce590f8fc3d4faf26e62c85be2e7cf6af63f09009adacfe9cac295671f
generated: "2024-01-19T11:30:13.695139+02:00"
