dependencies:
- name: tor-proxy
  repository: https://chronicleprotocol.github.io/charts/
  version: 0.0.8
- name: ghost
  repository: https://chronicleprotocol.github.io/charts/
  version: 0.1.9
- name: musig
  repository: https://chronicleprotocol.github.io/charts/
  version: 0.0.9
digest: sha256:fd8fe8f5117b410e5e4b248291e89a0b8bef1080549725862aff15f1a58c69ad
generated: "2023-09-15T13:57:18.582536045+02:00"
