dependencies:
- name: tor-proxy
  repository: https://chronicleprotocol.github.io/charts/
  version: 0.0.8
- name: ghost
  repository: https://chronicleprotocol.github.io/charts/
  version: 0.1.12
- name: musig
  repository: https://chronicleprotocol.github.io/charts/
  version: 0.1.2
digest: sha256:09b80cabdb29f03fd496227bc8020f5ed12e5baf8b3b2fe861fcc2d5d38de21c
generated: "2023-10-02T14:30:36.995110292+02:00"
