dependencies:
- name: spire
  repository: https://chronicleprotocol.github.io/charts/
  version: 0.0.3
- name: gofer
  repository: https://chronicleprotocol.github.io/charts/
  version: 0.0.3
digest: sha256:b651bb9cfadb402a627ec9a49570a216f5e5ff664eea10fdf20f099247dcbc41
generated: "2023-05-02T11:57:51.364489789+02:00"
