dependencies:
- name: spire
  repository: https://chronicleprotocol.github.io/charts/
  version: 0.0.9
- name: ssb-server
  repository: https://chronicleprotocol.github.io/charts/
  version: 0.0.2
digest: sha256:f039bf34ed7a96dffdffb8757b746567d0ac53fc396c8fc896af753ef40678a6
generated: "2023-06-13T22:28:48.014427+02:00"
