dependencies:
- name: spire
  repository: https://chronicleprotocol.github.io/charts/
  version: 0.0.6
- name: ssb-server
  repository: https://chronicleprotocol.github.io/charts/
  version: 0.0.1
digest: sha256:607a057e271d5324bfd499fea89b3435ad485ab68d19988d2bcb74908e4e2f4d
generated: "2023-05-31T11:15:14.765637021+02:00"
